<?xml version="1.0" encoding="utf-8"?>
<Project ToolsVersion="4.0" xmlns="http://schemas.microsoft.com/developer/msbuild/2003">
  <ItemGroup>
    <Filter Include="Source Files">
      <UniqueIdentifier>{4FC737F1-C7A5-4376-A066-2A32D752A2FF}</UniqueIdentifier>
      <Extensions>cpp;c;cc;cxx;def;odl;idl;hpj;bat;asm;asmx</Extensions>
    </Filter>
    <Filter Include="Header Files">
      <UniqueIdentifier>{93995380-89BD-4b04-88EB-625FBE52EBFB}</UniqueIdentifier>
      <Extensions>h;hh;hpp;hxx;hm;inl;inc;ipp;xsd</Extensions>
    </Filter>
    <Filter Include="Resource Files">
      <UniqueIdentifier>{67DA6AB6-F800-4c08-8B7A-83BB121AAD01}</UniqueIdentifier>
      <Extensions>rc;ico;cur;bmp;dlg;rc2;rct;bin;rgs;gif;jpg;jpeg;jpe;resx;tiff;tif;png;wav;mfcribbon-ms</Extensions>
    </Filter>
  </ItemGroup>
  <ItemGroup>
    <ClCompile Include="Gundam.cpp">
      <Filter>Source Files</Filter>
    </ClCompile>
  </ItemGroup>
  <ItemGroup>
    <Image Include="Blue_Dirty_Color.bmp">
      <Filter>Resource Files</Filter>
    </Image>
    <Image Include="Dark_Grey_Dirty_Color.bmp">
      <Filter>Resource Files</Filter>
    </Image>
    <Image Include="Grey_Dirty_Color.bmp">
      <Filter>Resource Files</Filter>
    </Image>
    <Image Include="head_1.bmp">
      <Filter>Resource Files</Filter>
    </Image>
    <Image Include="head_2.bmp">
      <Filter>Resource Files</Filter>
    </Image>
    <Image Include="head_3.bmp">
      <Filter>Resource Files</Filter>
    </Image>
    <Image Include="head_4.bmp">
      <Filter>Resource Files</Filter>
    </Image>
    <Image Include="head_5.bmp">
      <Filter>Resource Files</Filter>
    </Image>
    <Image Include="head_6.bmp">
      <Filter>Resource Files</Filter>
    </Image>
    <Image Include="head_7.bmp">
      <Filter>Resource Files</Filter>
    </Image>
    <Image Include="head_8.bmp">
      <Filter>Resource Files</Filter>
    </Image>
    <Image Include="head_9.bmp">
      <Filter>Resource Files</Filter>
    </Image>
    <Image Include="Knee_Texture.bmp">
      <Filter>Resource Files</Filter>
    </Image>
    <Image Include="Red_Dirty_Color.bmp">
      <Filter>Resource Files</Filter>
    </Image>
    <Image Include="Shield_1.bmp">
      <Filter>Resource Files</Filter>
    </Image>
    <Image Include="Shield_2.bmp">
      <Filter>Resource Files</Filter>
    </Image>
    <Image Include="Shield_3.bmp">
      <Filter>Resource Files</Filter>
    </Image>
    <Image Include="Robot_Arm_Joint.bmp">
      <Filter>Resource Files</Filter>
    </Image>
    <Image Include="black.bmp">
      <Filter>Resource Files</Filter>
    </Image>
    <Image Include="green.bmp">
      <Filter>Resource Files</Filter>
    </Image>
    <Image Include="indigo.bmp">
      <Filter>Resource Files</Filter>
    </Image>
    <Image Include="joint_black.bmp">
      <Filter>Resource Files</Filter>
    </Image>
    <Image Include="joint_blue.bmp">
      <Filter>Resource Files</Filter>
    </Image>
    <Image Include="joint_grey.bmp">
      <Filter>Resource Files</Filter>
    </Image>
    <Image Include="joint_indigo.bmp">
      <Filter>Resource Files</Filter>
    </Image>
    <Image Include="joint_orange.bmp">
      <Filter>Resource Files</Filter>
    </Image>
    <Image Include="joint_purple.bmp">
      <Filter>Resource Files</Filter>
    </Image>
    <Image Include="joint_red.bmp">
      <Filter>Resource Files</Filter>
    </Image>
    <Image Include="joint_white.bmp">
      <Filter>Resource Files</Filter>
    </Image>
    <Image Include="joint_yellow.bmp">
      <Filter>Resource Files</Filter>
    </Image>
    <Image Include="orange.bmp">
      <Filter>Resource Files</Filter>
    </Image>
    <Image Include="purple.bmp">
      <Filter>Resource Files</Filter>
    </Image>
    <Image Include="dayTime.bmp">
      <Filter>Resource Files</Filter>
    </Image>
    <Image Include="Spring.bmp">
      <Filter>Resource Files</Filter>
    </Image>
    <Image Include="winter.bmp">
      <Filter>Resource Files</Filter>
    </Image>
    <Image Include="night.bmp">
      <Filter>Resource Files</Filter>
    </Image>
    <Image Include="circle_1.bmp.png">
      <Filter>Resource Files</Filter>
    </Image>
    <Image Include="circle_1.bmp">
      <Filter>Resource Files</Filter>
    </Image>
    <Image Include="B1.bmp">
      <Filter>Resource Files</Filter>
    </Image>
    <Image Include="B2.bmp">
      <Filter>Resource Files</Filter>
    </Image>
  </ItemGroup>
</Project>